
Microsoft Visual Studio Solution File, Format Version 12.00
# Visual Studio 15
VisualStudioVersion = 15.0.26228.12
MinimumVisualStudioVersion = 10.0.40219.1
Project("{FAE04EC0-301F-11D3-BF4B-00C04F79EFBC}") = "FFGames.Data", "FFGames.Data\FFGames.Data.csproj", "{C4097FDE-9F9E-4FB7-B6C8-748E9BEE8B3B}"
EndProject
Project("{FAE04EC0-301F-11D3-BF4B-00C04F79EFBC}") = "FFGames.Data.Models", "FFGames.Data.Models\FFGames.Data.Models.csproj", "{AF507525-CCD1-4F04-A3B2-ED443062B121}"
EndProject
Project("{FAE04EC0-301F-11D3-BF4B-00C04F79EFBC}") = "FFGames.Web", "FFGames.Web\FFGames.Web.csproj", "{7B154AA1-B5C2-415A-ABEA-2E7A6C0D5C77}"
EndProject
Global
	GlobalSection(SolutionConfigurationPlatforms) = preSolution
		Debug|Any CPU = Debug|Any CPU
		Release|Any CPU = Release|Any CPU
	EndGlobalSection
	GlobalSection(ProjectConfigurationPlatforms) = postSolution
		{C4097FDE-9F9E-4FB7-B6C8-748E9BEE8B3B}.Debug|Any CPU.ActiveCfg = Debug|Any CPU
		{C4097FDE-9F9E-4FB7-B6C8-748E9BEE8B3B}.Debug|Any CPU.Build.0 = Debug|Any CPU
		{C4097FDE-9F9E-4FB7-B6C8-748E9BEE8B3B}.Release|Any CPU.ActiveCfg = Release|Any CPU
		{C4097FDE-9F9E-4FB7-B6C8-748E9BEE8B3B}.Release|Any CPU.Build.0 = Release|Any CPU
		{AF507525-CCD1-4F04-A3B2-ED443062B121}.Debug|Any CPU.ActiveCfg = Debug|Any CPU
		{AF507525-CCD1-4F04-A3B2-ED443062B121}.Debug|Any CPU.Build.0 = Debug|Any CPU
		{AF507525-CCD1-4F04-A3B2-ED443062B121}.Release|Any CPU.ActiveCfg = Release|Any CPU
		{AF507525-CCD1-4F04-A3B2-ED443062B121}.Release|Any CPU.Build.0 = Release|Any CPU
		{7B154AA1-B5C2-415A-ABEA-2E7A6C0D5C77}.Debug|Any CPU.ActiveCfg = Debug|Any CPU
		{7B154AA1-B5C2-415A-ABEA-2E7A6C0D5C77}.Debug|Any CPU.Build.0 = Debug|Any CPU
		{7B154AA1-B5C2-415A-ABEA-2E7A6C0D5C77}.Release|Any CPU.ActiveCfg = Release|Any CPU
		{7B154AA1-B5C2-415A-ABEA-2E7A6C0D5C77}.Release|Any CPU.Build.0 = Release|Any CPU
	EndGlobalSection
	GlobalSection(SolutionProperties) = preSolution
		HideSolutionNode = FALSE
	EndGlobalSection
EndGlobal
